
Microsoft Visual Studio Solution File, Format Version 12.00
# Visual Studio Version 16
VisualStudioVersion = 16.0.30804.86
MinimumVisualStudioVersion = 10.0.40219.1
Project("{9A19103F-16F7-4668-BE54-9A1E7A4F7556}") = "JWTAzureAPI", "JWTAzureAPI\JWTAzureAPI.csproj", "{378C2EE1-86A2-455B-BE79-666E532FBBC6}"
EndProject
Project("{2150E333-8FDC-42A3-9474-1A3956D46DE8}") = "Solution Items", "Solution Items", "{710F87D2-8D56-4D3C-AEEA-E0C9147CC65F}"
	ProjectSection(SolutionItems) = preProject
		Readme.txt = Readme.txt
	EndProjectSection
EndProject
Project("{FAE04EC0-301F-11D3-BF4B-00C04F79EFBC}") = "JWTAzureAPI.Test", "JWTAzureAPI.test\JWTAzureAPI.Test.csproj", "{340328D6-07CB-481F-8172-00E7EA9F6817}"
EndProject
Global
	GlobalSection(SolutionConfigurationPlatforms) = preSolution
		Debug|Any CPU = Debug|Any CPU
		Release|Any CPU = Release|Any CPU
		Staging|Any CPU = Staging|Any CPU
	EndGlobalSection
	GlobalSection(ProjectConfigurationPlatforms) = postSolution
		{378C2EE1-86A2-455B-BE79-666E532FBBC6}.Debug|Any CPU.ActiveCfg = Debug|Any CPU
		{378C2EE1-86A2-455B-BE79-666E532FBBC6}.Debug|Any CPU.Build.0 = Debug|Any CPU
		{378C2EE1-86A2-455B-BE79-666E532FBBC6}.Release|Any CPU.ActiveCfg = Release|Any CPU
		{378C2EE1-86A2-455B-BE79-666E532FBBC6}.Release|Any CPU.Build.0 = Release|Any CPU
		{378C2EE1-86A2-455B-BE79-666E532FBBC6}.Staging|Any CPU.ActiveCfg = Staging|Any CPU
		{378C2EE1-86A2-455B-BE79-666E532FBBC6}.Staging|Any CPU.Build.0 = Staging|Any CPU
		{340328D6-07CB-481F-8172-00E7EA9F6817}.Debug|Any CPU.ActiveCfg = Debug|Any CPU
		{340328D6-07CB-481F-8172-00E7EA9F6817}.Debug|Any CPU.Build.0 = Debug|Any CPU
		{340328D6-07CB-481F-8172-00E7EA9F6817}.Release|Any CPU.ActiveCfg = Release|Any CPU
		{340328D6-07CB-481F-8172-00E7EA9F6817}.Release|Any CPU.Build.0 = Release|Any CPU
		{340328D6-07CB-481F-8172-00E7EA9F6817}.Staging|Any CPU.ActiveCfg = Debug|Any CPU
		{340328D6-07CB-481F-8172-00E7EA9F6817}.Staging|Any CPU.Build.0 = Debug|Any CPU
	EndGlobalSection
	GlobalSection(SolutionProperties) = preSolution
		HideSolutionNode = FALSE
	EndGlobalSection
	GlobalSection(ExtensibilityGlobals) = postSolution
		SolutionGuid = {263B535A-06F3-41C6-882F-C662950D7BAB}
	EndGlobalSection
EndGlobal
